// !$*UTF8*$!
{
	archiveVersion = 1;
	classes = {
	};
	objectVersion = 48;
	objects = {

/* Begin PBXBuildFile section */
		3C2C6FBB1FF1FF75000B6F5F /* AppDelegate.swift in Sources */ = {isa = PBXBuildFile; fileRef = 3C2C6FBA1FF1FF75000B6F5F /* AppDelegate.swift */; };
		3C2C6FC01FF1FF75000B6F5F /* Main.storyboard in Resources */ = {isa = PBXBuildFile; fileRef = 3C2C6FBE1FF1FF75000B6F5F /* Main.storyboard */; };
		3C2C6FC21FF1FF75000B6F5F /* Assets.xcassets in Resources */ = {isa = PBXBuildFile; fileRef = 3C2C6FC11FF1FF75000B6F5F /* Assets.xcassets */; };
		3C2C6FC51FF1FF75000B6F5F /* LaunchScreen.storyboard in Resources */ = {isa = PBXBuildFile; fileRef = 3C2C6FC31FF1FF75000B6F5F /* LaunchScreen.storyboard */; };
		3C4ADDB01FF74F5D0054DFC7 /* Constants.swift in Sources */ = {isa = PBXBuildFile; fileRef = 3C4ADDAF1FF74F5D0054DFC7 /* Constants.swift */; };
		3C4ADDB21FF756500054DFC7 /* LoginVC.swift in Sources */ = {isa = PBXBuildFile; fileRef = 3C4ADDB11FF756500054DFC7 /* LoginVC.swift */; };
		3C6C860C1FF2069C00E01CD3 /* SWRevealViewController.m in Sources */ = {isa = PBXBuildFile; fileRef = 3C6C860A1FF2069C00E01CD3 /* SWRevealViewController.m */; };
		3C6C86111FF3539600E01CD3 /* ChatVC.swift in Sources */ = {isa = PBXBuildFile; fileRef = 3C6C86101FF3539600E01CD3 /* ChatVC.swift */; };
		3C6C86131FF353B900E01CD3 /* ChannelVC.swift in Sources */ = {isa = PBXBuildFile; fileRef = 3C6C86121FF353B900E01CD3 /* ChannelVC.swift */; };
		3C9085771FF5FD2700360021 /* GradientView.swift in Sources */ = {isa = PBXBuildFile; fileRef = 3C9085761FF5FD2700360021 /* GradientView.swift */; };
		DE16EB53468A2B3DCDBF09C1 /* Pods_smack_app.framework in Frameworks */ = {isa = PBXBuildFile; fileRef = 497C6E7888D24254F3D4D713 /* Pods_smack_app.framework */; };
/* End PBXBuildFile section */

/* Begin PBXFileReference section */
		3C2C6FB71FF1FF75000B6F5F /* smack-app.app */ = {isa = PBXFileReference; explicitFileType = wrapper.application; includeInIndex = 0; path = "smack-app.app"; sourceTree = BUILT_PRODUCTS_DIR; };
		3C2C6FBA1FF1FF75000B6F5F /* AppDelegate.swift */ = {isa = PBXFileReference; lastKnownFileType = sourcecode.swift; path = AppDelegate.swift; sourceTree = "<group>"; };
		3C2C6FBF1FF1FF75000B6F5F /* Base */ = {isa = PBXFileReference; lastKnownFileType = file.storyboard; name = Base; path = Base.lproj/Main.storyboard; sourceTree = "<group>"; };
		3C2C6FC11FF1FF75000B6F5F /* Assets.xcassets */ = {isa = PBXFileReference; lastKnownFileType = folder.assetcatalog; path = Assets.xcassets; sourceTree = "<group>"; };
		3C2C6FC41FF1FF75000B6F5F /* Base */ = {isa = PBXFileReference; lastKnownFileType = file.storyboard; name = Base; path = Base.lproj/LaunchScreen.storyboard; sourceTree = "<group>"; };
		3C2C6FC61FF1FF75000B6F5F /* Info.plist */ = {isa = PBXFileReference; lastKnownFileType = text.plist.xml; path = Info.plist; sourceTree = "<group>"; };
		3C4ADDAF1FF74F5D0054DFC7 /* Constants.swift */ = {isa = PBXFileReference; lastKnownFileType = sourcecode.swift; path = Constants.swift; sourceTree = "<group>"; };
		3C4ADDB11FF756500054DFC7 /* LoginVC.swift */ = {isa = PBXFileReference; lastKnownFileType = sourcecode.swift; path = LoginVC.swift; sourceTree = "<group>"; };
		3C6C86091FF2069B00E01CD3 /* smack-app-Bridging-Header.h */ = {isa = PBXFileReference; lastKnownFileType = sourcecode.c.h; path = "smack-app-Bridging-Header.h"; sourceTree = "<group>"; };
		3C6C860A1FF2069C00E01CD3 /* SWRevealViewController.m */ = {isa = PBXFileReference; fileEncoding = 4; lastKnownFileType = sourcecode.c.objc; path = SWRevealViewController.m; sourceTree = "<group>"; };
		3C6C860B1FF2069C00E01CD3 /* SWRevealViewController.h */ = {isa = PBXFileReference; fileEncoding = 4; lastKnownFileType = sourcecode.c.h; path = SWRevealViewController.h; sourceTree = "<group>"; };
		3C6C86101FF3539600E01CD3 /* ChatVC.swift */ = {isa = PBXFileReference; lastKnownFileType = sourcecode.swift; path = ChatVC.swift; sourceTree = "<group>"; };
		3C6C86121FF353B900E01CD3 /* ChannelVC.swift */ = {isa = PBXFileReference; lastKnownFileType = sourcecode.swift; path = ChannelVC.swift; sourceTree = "<group>"; };
		3C9085761FF5FD2700360021 /* GradientView.swift */ = {isa = PBXFileReference; lastKnownFileType = sourcecode.swift; path = GradientView.swift; sourceTree = "<group>"; };
		497C6E7888D24254F3D4D713 /* Pods_smack_app.framework */ = {isa = PBXFileReference; explicitFileType = wrapper.framework; includeInIndex = 0; path = Pods_smack_app.framework; sourceTree = BUILT_PRODUCTS_DIR; };
		49D5105A2C63F12D7A83BDF9 /* Pods-smack-app.release.xcconfig */ = {isa = PBXFileReference; includeInIndex = 1; lastKnownFileType = text.xcconfig; name = "Pods-smack-app.release.xcconfig"; path = "Pods/Target Support Files/Pods-smack-app/Pods-smack-app.release.xcconfig"; sourceTree = "<group>"; };
		9DA9DE2F217CA6DB0C64241B /* Pods-smack-app.debug.xcconfig */ = {isa = PBXFileReference; includeInIndex = 1; lastKnownFileType = text.xcconfig; name = "Pods-smack-app.debug.xcconfig"; path = "Pods/Target Support Files/Pods-smack-app/Pods-smack-app.debug.xcconfig"; sourceTree = "<group>"; };
/* End PBXFileReference section */

/* Begin PBXFrameworksBuildPhase section */
		3C2C6FB41FF1FF75000B6F5F /* Frameworks */ = {
			isa = PBXFrameworksBuildPhase;
			buildActionMask = 2147483647;
			files = (
				DE16EB53468A2B3DCDBF09C1 /* Pods_smack_app.framework in Frameworks */,
			);
			runOnlyForDeploymentPostprocessing = 0;
		};
/* End PBXFrameworksBuildPhase section */

/* Begin PBXGroup section */
		3C2C6FAE1FF1FF75000B6F5F = {
			isa = PBXGroup;
			children = (
				3C2C6FB91FF1FF75000B6F5F /* smack-app */,
				3C2C6FB81FF1FF75000B6F5F /* Products */,
				5DE89EA9AD8BCD01FE8AB725 /* Pods */,
				E343357FF579F57A409DD6B9 /* Frameworks */,
			);
			sourceTree = "<group>";
		};
		3C2C6FB81FF1FF75000B6F5F /* Products */ = {
			isa = PBXGroup;
			children = (
				3C2C6FB71FF1FF75000B6F5F /* smack-app.app */,
			);
			name = Products;
			sourceTree = "<group>";
		};
		3C2C6FB91FF1FF75000B6F5F /* smack-app */ = {
			isa = PBXGroup;
			children = (
				3C4ADDAE1FF74F410054DFC7 /* Utilities */,
				3C6C860F1FF3536900E01CD3 /* Model */,
				3C6C860E1FF3536300E01CD3 /* View */,
				3C6C860D1FF3535B00E01CD3 /* Controller */,
				3C6C86081FF205F500E01CD3 /* Supporting Files */,
				3C2C6FBA1FF1FF75000B6F5F /* AppDelegate.swift */,
				3C2C6FBE1FF1FF75000B6F5F /* Main.storyboard */,
				3C2C6FC11FF1FF75000B6F5F /* Assets.xcassets */,
				3C2C6FC31FF1FF75000B6F5F /* LaunchScreen.storyboard */,
				3C2C6FC61FF1FF75000B6F5F /* Info.plist */,
			);
			path = "smack-app";
			sourceTree = "<group>";
		};
		3C4ADDAE1FF74F410054DFC7 /* Utilities */ = {
			isa = PBXGroup;
			children = (
				3C4ADDAF1FF74F5D0054DFC7 /* Constants.swift */,
			);
			path = Utilities;
			sourceTree = "<group>";
		};
		3C6C86081FF205F500E01CD3 /* Supporting Files */ = {
			isa = PBXGroup;
			children = (
				3C6C860B1FF2069C00E01CD3 /* SWRevealViewController.h */,
				3C6C860A1FF2069C00E01CD3 /* SWRevealViewController.m */,
				3C6C86091FF2069B00E01CD3 /* smack-app-Bridging-Header.h */,
			);
			path = "Supporting Files";
			sourceTree = "<group>";
		};
		3C6C860D1FF3535B00E01CD3 /* Controller */ = {
			isa = PBXGroup;
			children = (
				3C6C86101FF3539600E01CD3 /* ChatVC.swift */,
				3C6C86121FF353B900E01CD3 /* ChannelVC.swift */,
				3C4ADDB11FF756500054DFC7 /* LoginVC.swift */,
			);
			path = Controller;
			sourceTree = "<group>";
		};
		3C6C860E1FF3536300E01CD3 /* View */ = {
			isa = PBXGroup;
			children = (
				3C9085761FF5FD2700360021 /* GradientView.swift */,
			);
			path = View;
			sourceTree = "<group>";
		};
		3C6C860F1FF3536900E01CD3 /* Model */ = {
			isa = PBXGroup;
			children = (
			);
			path = Model;
			sourceTree = "<group>";
		};
		5DE89EA9AD8BCD01FE8AB725 /* Pods */ = {
			isa = PBXGroup;
			children = (
				9DA9DE2F217CA6DB0C64241B /* Pods-smack-app.debug.xcconfig */,
				49D5105A2C63F12D7A83BDF9 /* Pods-smack-app.release.xcconfig */,
			);
			name = Pods;
			sourceTree = "<group>";
		};
		E343357FF579F57A409DD6B9 /* Frameworks */ = {
			isa = PBXGroup;
			children = (
				497C6E7888D24254F3D4D713 /* Pods_smack_app.framework */,
			);
			name = Frameworks;
			sourceTree = "<group>";
		};
/* End PBXGroup section */

/* Begin PBXNativeTarget section */
		3C2C6FB61FF1FF75000B6F5F /* smack-app */ = {
			isa = PBXNativeTarget;
			buildConfigurationList = 3C2C6FC91FF1FF75000B6F5F /* Build configuration list for PBXNativeTarget "smack-app" */;
			buildPhases = (
				2B3A1E7D90B8C813E6C5E40D /* [CP] Check Pods Manifest.lock */,
				3C2C6FB31FF1FF75000B6F5F /* Sources */,
				3C2C6FB41FF1FF75000B6F5F /* Frameworks */,
				3C2C6FB51FF1FF75000B6F5F /* Resources */,
				B73AC9C88D0328FBF209FDB8 /* [CP] Embed Pods Frameworks */,
				0870D9F7C406DC0811A53947 /* [CP] Copy Pods Resources */,
			);
			buildRules = (
			);
			dependencies = (
			);
			name = "smack-app";
			productName = "smack-app";
			productReference = 3C2C6FB71FF1FF75000B6F5F /* smack-app.app */;
			productType = "com.apple.product-type.application";
		};
/* End PBXNativeTarget section */

/* Begin PBXProject section */
		3C2C6FAF1FF1FF75000B6F5F /* Project object */ = {
			isa = PBXProject;
			attributes = {
				LastSwiftUpdateCheck = 0920;
				LastUpgradeCheck = 0920;
				ORGANIZATIONNAME = "Zakary Kurzawski";
				TargetAttributes = {
					3C2C6FB61FF1FF75000B6F5F = {
						CreatedOnToolsVersion = 9.2;
						LastSwiftMigration = 0920;
						ProvisioningStyle = Automatic;
					};
				};
			};
			buildConfigurationList = 3C2C6FB21FF1FF75000B6F5F /* Build configuration list for PBXProject "smack-app" */;
			compatibilityVersion = "Xcode 8.0";
			developmentRegion = en;
			hasScannedForEncodings = 0;
			knownRegions = (
				en,
				Base,
			);
			mainGroup = 3C2C6FAE1FF1FF75000B6F5F;
			productRefGroup = 3C2C6FB81FF1FF75000B6F5F /* Products */;
			projectDirPath = "";
			projectRoot = "";
			targets = (
				3C2C6FB61FF1FF75000B6F5F /* smack-app */,
			);
		};
/* End PBXProject section */

/* Begin PBXResourcesBuildPhase section */
		3C2C6FB51FF1FF75000B6F5F /* Resources */ = {
			isa = PBXResourcesBuildPhase;
			buildActionMask = 2147483647;
			files = (
				3C2C6FC51FF1FF75000B6F5F /* LaunchScreen.storyboard in Resources */,
				3C2C6FC21FF1FF75000B6F5F /* Assets.xcassets in Resources */,
				3C2C6FC01FF1FF75000B6F5F /* Main.storyboard in Resources */,
			);
			runOnlyForDeploymentPostprocessing = 0;
		};
/* End PBXResourcesBuildPhase section */

/* Begin PBXShellScriptBuildPhase section */
		0870D9F7C406DC0811A53947 /* [CP] Copy Pods Resources */ = {
			isa = PBXShellScriptBuildPhase;
			buildActionMask = 2147483647;
			files = (
			);
			inputPaths = (
			);
			name = "[CP] Copy Pods Resources";
			outputPaths = (
			);
			runOnlyForDeploymentPostprocessing = 0;
			shellPath = /bin/sh;
			shellScript = "\"${SRCROOT}/Pods/Target Support Files/Pods-smack-app/Pods-smack-app-resources.sh\"\n";
			showEnvVarsInLog = 0;
		};
		2B3A1E7D90B8C813E6C5E40D /* [CP] Check Pods Manifest.lock */ = {
			isa = PBXShellScriptBuildPhase;
			buildActionMask = 2147483647;
			files = (
			);
			inputPaths = (
			);
			name = "[CP] Check Pods Manifest.lock";
			outputPaths = (
			);
			runOnlyForDeploymentPostprocessing = 0;
			shellPath = /bin/sh;
			shellScript = "diff \"${PODS_ROOT}/../Podfile.lock\" \"${PODS_ROOT}/Manifest.lock\" > /dev/null\nif [ $? != 0 ] ; then\n    # print error to STDERR\n    echo \"error: The sandbox is not in sync with the Podfile.lock. Run 'pod install' or update your CocoaPods installation.\" >&2\n    exit 1\nfi\n";
			showEnvVarsInLog = 0;
		};
		B73AC9C88D0328FBF209FDB8 /* [CP] Embed Pods Frameworks */ = {
			isa = PBXShellScriptBuildPhase;
			buildActionMask = 2147483647;
			files = (
			);
			inputPaths = (
			);
			name = "[CP] Embed Pods Frameworks";
			outputPaths = (
			);
			runOnlyForDeploymentPostprocessing = 0;
			shellPath = /bin/sh;
			shellScript = "\"${SRCROOT}/Pods/Target Support Files/Pods-smack-app/Pods-smack-app-frameworks.sh\"\n";
			showEnvVarsInLog = 0;
		};
/* End PBXShellScriptBuildPhase section */

/* Begin PBXSourcesBuildPhase section */
		3C2C6FB31FF1FF75000B6F5F /* Sources */ = {
			isa = PBXSourcesBuildPhase;
			buildActionMask = 2147483647;
			files = (
				3C6C86131FF353B900E01CD3 /* ChannelVC.swift in Sources */,
				3C6C86111FF3539600E01CD3 /* ChatVC.swift in Sources */,
				3C4ADDB21FF756500054DFC7 /* LoginVC.swift in Sources */,
				3C9085771FF5FD2700360021 /* GradientView.swift in Sources */,
				3C2C6FBB1FF1FF75000B6F5F /* AppDelegate.swift in Sources */,
				3C6C860C1FF2069C00E01CD3 /* SWRevealViewController.m in Sources */,
				3C4ADDB01FF74F5D0054DFC7 /* Constants.swift in Sources */,
			);
			runOnlyForDeploymentPostprocessing = 0;
		};
/* End PBXSourcesBuildPhase section */

/* Begin PBXVariantGroup section */
		3C2C6FBE1FF1FF75000B6F5F /* Main.storyboard */ = {
			isa = PBXVariantGroup;
			children = (
				3C2C6FBF1FF1FF75000B6F5F /* Base */,
			);
			name = Main.storyboard;
			sourceTree = "<group>";
		};
		3C2C6FC31FF1FF75000B6F5F /* LaunchScreen.storyboard */ = {
			isa = PBXVariantGroup;
			children = (
				3C2C6FC41FF1FF75000B6F5F /* Base */,
			);
			name = LaunchScreen.storyboard;
			sourceTree = "<group>";
		};
/* End PBXVariantGroup section */

/* Begin XCBuildConfiguration section */
		3C2C6FC71FF1FF75000B6F5F /* Debug */ = {
			isa = XCBuildConfiguration;
			buildSettings = {
				ALWAYS_SEARCH_USER_PATHS = NO;
				CLANG_ANALYZER_NONNULL = YES;
				CLANG_ANALYZER_NUMBER_OBJECT_CONVERSION = YES_AGGRESSIVE;
				CLANG_CXX_LANGUAGE_STANDARD = "gnu++14";
				CLANG_CXX_LIBRARY = "libc++";
				CLANG_ENABLE_MODULES = YES;
				CLANG_ENABLE_OBJC_ARC = YES;
				CLANG_WARN_BLOCK_CAPTURE_AUTORELEASING = YES;
				CLANG_WARN_BOOL_CONVERSION = YES;
				CLANG_WARN_COMMA = YES;
				CLANG_WARN_CONSTANT_CONVERSION = YES;
				CLANG_WARN_DIRECT_OBJC_ISA_USAGE = YES_ERROR;
				CLANG_WARN_DOCUMENTATION_COMMENTS = YES;
				CLANG_WARN_EMPTY_BODY = YES;
				CLANG_WARN_ENUM_CONVERSION = YES;
				CLANG_WARN_INFINITE_RECURSION = YES;
				CLANG_WARN_INT_CONVERSION = YES;
				CLANG_WARN_NON_LITERAL_NULL_CONVERSION = YES;
				CLANG_WARN_OBJC_LITERAL_CONVERSION = YES;
				CLANG_WARN_OBJC_ROOT_CLASS = YES_ERROR;
				CLANG_WARN_RANGE_LOOP_ANALYSIS = YES;
				CLANG_WARN_STRICT_PROTOTYPES = YES;
				CLANG_WARN_SUSPICIOUS_MOVE = YES;
				CLANG_WARN_UNGUARDED_AVAILABILITY = YES_AGGRESSIVE;
				CLANG_WARN_UNREACHABLE_CODE = YES;
				CLANG_WARN__DUPLICATE_METHOD_MATCH = YES;
				CODE_SIGN_IDENTITY = "iPhone Developer";
				COPY_PHASE_STRIP = NO;
				DEBUG_INFORMATION_FORMAT = dwarf;
				ENABLE_STRICT_OBJC_MSGSEND = YES;
				ENABLE_TESTABILITY = YES;
				GCC_C_LANGUAGE_STANDARD = gnu11;
				GCC_DYNAMIC_NO_PIC = NO;
				GCC_NO_COMMON_BLOCKS = YES;
				GCC_OPTIMIZATION_LEVEL = 0;
				GCC_PREPROCESSOR_DEFINITIONS = (
					"DEBUG=1",
					"$(inherited)",
				);
				GCC_WARN_64_TO_32_BIT_CONVERSION = YES;
				GCC_WARN_ABOUT_RETURN_TYPE = YES_ERROR;
				GCC_WARN_UNDECLARED_SELECTOR = YES;
				GCC_WARN_UNINITIALIZED_AUTOS = YES_AGGRESSIVE;
				GCC_WARN_UNUSED_FUNCTION = YES;
				GCC_WARN_UNUSED_VARIABLE = YES;
				IPHONEOS_DEPLOYMENT_TARGET = 11.2;
				MTL_ENABLE_DEBUG_INFO = YES;
				ONLY_ACTIVE_ARCH = YES;
				SDKROOT = iphoneos;
				SWIFT_ACTIVE_COMPILATION_CONDITIONS = DEBUG;
				SWIFT_OPTIMIZATION_LEVEL = "-Onone";
			};
			name = Debug;
		};
		3C2C6FC81FF1FF75000B6F5F /* Release */ = {
			isa = XCBuildConfiguration;
			buildSettings = {
				ALWAYS_SEARCH_USER_PATHS = NO;
				CLANG_ANALYZER_NONNULL = YES;
				CLANG_ANALYZER_NUMBER_OBJECT_CONVERSION = YES_AGGRESSIVE;
				CLANG_CXX_LANGUAGE_STANDARD = "gnu++14";
				CLANG_CXX_LIBRARY = "libc++";
				CLANG_ENABLE_MODULES = YES;
				CLANG_ENABLE_OBJC_ARC = YES;
				CLANG_WARN_BLOCK_CAPTURE_AUTORELEASING = YES;
				CLANG_WARN_BOOL_CONVERSION = YES;
				CLANG_WARN_COMMA = YES;
				CLANG_WARN_CONSTANT_CONVERSION = YES;
				CLANG_WARN_DIRECT_OBJC_ISA_USAGE = YES_ERROR;
				CLANG_WARN_DOCUMENTATION_COMMENTS = YES;
				CLANG_WARN_EMPTY_BODY = YES;
				CLANG_WARN_ENUM_CONVERSION = YES;
				CLANG_WARN_INFINITE_RECURSION = YES;
				CLANG_WARN_INT_CONVERSION = YES;
				CLANG_WARN_NON_LITERAL_NULL_CONVERSION = YES;
				CLANG_WARN_OBJC_LITERAL_CONVERSION = YES;
				CLANG_WARN_OBJC_ROOT_CLASS = YES_ERROR;
				CLANG_WARN_RANGE_LOOP_ANALYSIS = YES;
				CLANG_WARN_STRICT_PROTOTYPES = YES;
				CLANG_WARN_SUSPICIOUS_MOVE = YES;
				CLANG_WARN_UNGUARDED_AVAILABILITY = YES_AGGRESSIVE;
				CLANG_WARN_UNREACHABLE_CODE = YES;
				CLANG_WARN__DUPLICATE_METHOD_MATCH = YES;
				CODE_SIGN_IDENTITY = "iPhone Developer";
				COPY_PHASE_STRIP = NO;
				DEBUG_INFORMATION_FORMAT = "dwarf-with-dsym";
				ENABLE_NS_ASSERTIONS = NO;
				ENABLE_STRICT_OBJC_MSGSEND = YES;
				GCC_C_LANGUAGE_STANDARD = gnu11;
				GCC_NO_COMMON_BLOCKS = YES;
				GCC_WARN_64_TO_32_BIT_CONVERSION = YES;
				GCC_WARN_ABOUT_RETURN_TYPE = YES_ERROR;
				GCC_WARN_UNDECLARED_SELECTOR = YES;
				GCC_WARN_UNINITIALIZED_AUTOS = YES_AGGRESSIVE;
				GCC_WARN_UNUSED_FUNCTION = YES;
				GCC_WARN_UNUSED_VARIABLE = YES;
				IPHONEOS_DEPLOYMENT_TARGET = 11.2;
				MTL_ENABLE_DEBUG_INFO = NO;
				SDKROOT = iphoneos;
				SWIFT_OPTIMIZATION_LEVEL = "-Owholemodule";
				VALIDATE_PRODUCT = YES;
			};
			name = Release;
		};
		3C2C6FCA1FF1FF75000B6F5F /* Debug */ = {
			isa = XCBuildConfiguration;
			baseConfigurationReference = 9DA9DE2F217CA6DB0C64241B /* Pods-smack-app.debug.xcconfig */;
			buildSettings = {
				ASSETCATALOG_COMPILER_APPICON_NAME = AppIcon;
				CLANG_ENABLE_MODULES = YES;
				CODE_SIGN_STYLE = Automatic;
				DEVELOPMENT_TEAM = 8P3X39S6BZ;
				INFOPLIST_FILE = "smack-app/Info.plist";
				LD_RUNPATH_SEARCH_PATHS = "$(inherited) @executable_path/Frameworks";
				PRODUCT_BUNDLE_IDENTIFIER = "zakary.kurzawski.smack-app";
				PRODUCT_NAME = "$(TARGET_NAME)";
				SWIFT_OBJC_BRIDGING_HEADER = "smack-app/Supporting Files/smack-app-Bridging-Header.h";
				SWIFT_OPTIMIZATION_LEVEL = "-Onone";
				SWIFT_VERSION = 4.0;
				TARGETED_DEVICE_FAMILY = "1,2";
			};
			name = Debug;
		};
		3C2C6FCB1FF1FF75000B6F5F /* Release */ = {
			isa = XCBuildConfiguration;
			baseConfigurationReference = 49D5105A2C63F12D7A83BDF9 /* Pods-smack-app.release.xcconfig */;
			buildSettings = {
				ASSETCATALOG_COMPILER_APPICON_NAME = AppIcon;
				CLANG_ENABLE_MODULES = YES;
				CODE_SIGN_STYLE = Automatic;
				DEVELOPMENT_TEAM = 8P3X39S6BZ;
				INFOPLIST_FILE = "smack-app/Info.plist";
				LD_RUNPATH_SEARCH_PATHS = "$(inherited) @executable_path/Frameworks";
				PRODUCT_BUNDLE_IDENTIFIER = "zakary.kurzawski.smack-app";
				PRODUCT_NAME = "$(TARGET_NAME)";
				SWIFT_OBJC_BRIDGING_HEADER = "smack-app/Supporting Files/smack-app-Bridging-Header.h";
				SWIFT_VERSION = 4.0;
				TARGETED_DEVICE_FAMILY = "1,2";
			};
			name = Release;
		};
/* End XCBuildConfiguration section */

/* Begin XCConfigurationList section */
		3C2C6FB21FF1FF75000B6F5F /* Build configuration list for PBXProject "smack-app" */ = {
			isa = XCConfigurationList;
			buildConfigurations = (
				3C2C6FC71FF1FF75000B6F5F /* Debug */,
				3C2C6FC81FF1FF75000B6F5F /* Release */,
			);
			defaultConfigurationIsVisible = 0;
			defaultConfigurationName = Release;
		};
		3C2C6FC91FF1FF75000B6F5F /* Build configuration list for PBXNativeTarget "smack-app" */ = {
			isa = XCConfigurationList;
			buildConfigurations = (
				3C2C6FCA1FF1FF75000B6F5F /* Debug */,
				3C2C6FCB1FF1FF75000B6F5F /* Release */,
			);
			defaultConfigurationIsVisible = 0;
			defaultConfigurationName = Release;
		};
/* End XCConfigurationList section */
	};
	rootObject = 3C2C6FAF1FF1FF75000B6F5F /* Project object */;
}
